
Microsoft Visual Studio Solution File, Format Version 12.00
# Visual Studio Version 17
VisualStudioVersion = 17.8.34316.72
MinimumVisualStudioVersion = 10.0.40219.1
Project("{9A19103F-16F7-4668-BE54-9A1E7A4F7556}") = "TestSite", "samples\TestSite\TestSite.csproj", "{25627014-8963-42D8-B1EC-A56FBDE16937}"
EndProject
Project("{2150E333-8FDC-42A3-9474-1A3956D46DE8}") = "Solution Items", "Solution Items", "{703D8F39-B182-45FF-85DC-140D730F237E}"
	ProjectSection(SolutionItems) = preProject
		.editorconfig = .editorconfig
		LICENSE.txt = LICENSE.txt
		README.md = README.md
	EndProjectSection
EndProject
Project("{2150E333-8FDC-42A3-9474-1A3956D46DE8}") = "samples", "samples", "{238A25AE-691E-4A86-9B5E-727DFC186F33}"
EndProject
Project("{2150E333-8FDC-42A3-9474-1A3956D46DE8}") = "src", "src", "{7282BE10-249F-4308-BB55-EA2346584782}"
EndProject
Project("{9A19103F-16F7-4668-BE54-9A1E7A4F7556}") = "AspNetCore.Identity.MongoDb", "src\AspNetCore.Identity.MongoDb\AspNetCore.Identity.MongoDb.csproj", "{F9D288A9-85EC-4334-B2D3-27A7AE8A44DE}"
EndProject
Global
	GlobalSection(SolutionConfigurationPlatforms) = preSolution
		Debug|Any CPU = Debug|Any CPU
		Release|Any CPU = Release|Any CPU
	EndGlobalSection
	GlobalSection(ProjectConfigurationPlatforms) = postSolution
		{25627014-8963-42D8-B1EC-A56FBDE16937}.Debug|Any CPU.ActiveCfg = Debug|Any CPU
		{25627014-8963-42D8-B1EC-A56FBDE16937}.Debug|Any CPU.Build.0 = Debug|Any CPU
		{25627014-8963-42D8-B1EC-A56FBDE16937}.Release|Any CPU.ActiveCfg = Release|Any CPU
		{25627014-8963-42D8-B1EC-A56FBDE16937}.Release|Any CPU.Build.0 = Release|Any CPU
		{F9D288A9-85EC-4334-B2D3-27A7AE8A44DE}.Debug|Any CPU.ActiveCfg = Debug|Any CPU
		{F9D288A9-85EC-4334-B2D3-27A7AE8A44DE}.Debug|Any CPU.Build.0 = Debug|Any CPU
		{F9D288A9-85EC-4334-B2D3-27A7AE8A44DE}.Release|Any CPU.ActiveCfg = Release|Any CPU
		{F9D288A9-85EC-4334-B2D3-27A7AE8A44DE}.Release|Any CPU.Build.0 = Release|Any CPU
	EndGlobalSection
	GlobalSection(SolutionProperties) = preSolution
		HideSolutionNode = FALSE
	EndGlobalSection
	GlobalSection(NestedProjects) = preSolution
		{25627014-8963-42D8-B1EC-A56FBDE16937} = {238A25AE-691E-4A86-9B5E-727DFC186F33}
	EndGlobalSection
	GlobalSection(ExtensibilityGlobals) = postSolution
		SolutionGuid = {3806160E-9B49-41B7-A532-95CD600CE2CF}
	EndGlobalSection
EndGlobal
